
Microsoft Visual Studio Solution File, Format Version 12.00
# Visual Studio 15
VisualStudioVersion = 15.0.28010.2003
MinimumVisualStudioVersion = 10.0.40219.1
Project("{FAE04EC0-301F-11D3-BF4B-00C04F79EFBC}") = "Dreaming_In_Color", "Dreaming_In_Color\Dreaming_In_Color.csproj", "{DB019BDF-8809-4EB1-892C-11F50477762A}"
EndProject
Project("{FAE04EC0-301F-11D3-BF4B-00C04F79EFBC}") = "Glass", "Glass\Glass.csproj", "{3D5D4AE1-033F-466D-864A-AD648BFB56F1}"
EndProject
Project("{9A19103F-16F7-4668-BE54-9A1E7A4F7556}") = "Valkyrie.Monogame", "..\..\..\Desktop\VelcroPhysics-master\VelcroPhysics\Valkyrie.Monogame.csproj", "{1F7206BE-ED37-4E8A-95A8-2718506D4F1F}"
EndProject
Global
	GlobalSection(SolutionConfigurationPlatforms) = preSolution
		Debug|Any CPU = Debug|Any CPU
		Debug|ARM = Debug|ARM
		Debug|x64 = Debug|x64
		Debug|x86 = Debug|x86
		Release|Any CPU = Release|Any CPU
		Release|ARM = Release|ARM
		Release|x64 = Release|x64
		Release|x86 = Release|x86
	EndGlobalSection
	GlobalSection(ProjectConfigurationPlatforms) = postSolution
		{DB019BDF-8809-4EB1-892C-11F50477762A}.Debug|Any CPU.ActiveCfg = Debug|Any CPU
		{DB019BDF-8809-4EB1-892C-11F50477762A}.Debug|Any CPU.Build.0 = Debug|Any CPU
		{DB019BDF-8809-4EB1-892C-11F50477762A}.Debug|ARM.ActiveCfg = Debug|Any CPU
		{DB019BDF-8809-4EB1-892C-11F50477762A}.Debug|ARM.Build.0 = Debug|Any CPU
		{DB019BDF-8809-4EB1-892C-11F50477762A}.Debug|x64.ActiveCfg = Debug|Any CPU
		{DB019BDF-8809-4EB1-892C-11F50477762A}.Debug|x64.Build.0 = Debug|Any CPU
		{DB019BDF-8809-4EB1-892C-11F50477762A}.Debug|x86.ActiveCfg = Debug|Any CPU
		{DB019BDF-8809-4EB1-892C-11F50477762A}.Debug|x86.Build.0 = Debug|Any CPU
		{DB019BDF-8809-4EB1-892C-11F50477762A}.Release|Any CPU.ActiveCfg = Release|Any CPU
		{DB019BDF-8809-4EB1-892C-11F50477762A}.Release|Any CPU.Build.0 = Release|Any CPU
		{DB019BDF-8809-4EB1-892C-11F50477762A}.Release|ARM.ActiveCfg = Release|Any CPU
		{DB019BDF-8809-4EB1-892C-11F50477762A}.Release|ARM.Build.0 = Release|Any CPU
		{DB019BDF-8809-4EB1-892C-11F50477762A}.Release|x64.ActiveCfg = Release|Any CPU
		{DB019BDF-8809-4EB1-892C-11F50477762A}.Release|x64.Build.0 = Release|Any CPU
		{DB019BDF-8809-4EB1-892C-11F50477762A}.Release|x86.ActiveCfg = Release|Any CPU
		{DB019BDF-8809-4EB1-892C-11F50477762A}.Release|x86.Build.0 = Release|Any CPU
		{3D5D4AE1-033F-466D-864A-AD648BFB56F1}.Debug|Any CPU.ActiveCfg = Debug|Any CPU
		{3D5D4AE1-033F-466D-864A-AD648BFB56F1}.Debug|Any CPU.Build.0 = Debug|Any CPU
		{3D5D4AE1-033F-466D-864A-AD648BFB56F1}.Debug|ARM.ActiveCfg = Debug|Any CPU
		{3D5D4AE1-033F-466D-864A-AD648BFB56F1}.Debug|ARM.Build.0 = Debug|Any CPU
		{3D5D4AE1-033F-466D-864A-AD648BFB56F1}.Debug|x64.ActiveCfg = Debug|Any CPU
		{3D5D4AE1-033F-466D-864A-AD648BFB56F1}.Debug|x64.Build.0 = Debug|Any CPU
		{3D5D4AE1-033F-466D-864A-AD648BFB56F1}.Debug|x86.ActiveCfg = Debug|Any CPU
		{3D5D4AE1-033F-466D-864A-AD648BFB56F1}.Debug|x86.Build.0 = Debug|Any CPU
		{3D5D4AE1-033F-466D-864A-AD648BFB56F1}.Release|Any CPU.ActiveCfg = Release|Any CPU
		{3D5D4AE1-033F-466D-864A-AD648BFB56F1}.Release|Any CPU.Build.0 = Release|Any CPU
		{3D5D4AE1-033F-466D-864A-AD648BFB56F1}.Release|ARM.ActiveCfg = Release|Any CPU
		{3D5D4AE1-033F-466D-864A-AD648BFB56F1}.Release|ARM.Build.0 = Release|Any CPU
		{3D5D4AE1-033F-466D-864A-AD648BFB56F1}.Release|x64.ActiveCfg = Release|Any CPU
		{3D5D4AE1-033F-466D-864A-AD648BFB56F1}.Release|x64.Build.0 = Release|Any CPU
		{3D5D4AE1-033F-466D-864A-AD648BFB56F1}.Release|x86.ActiveCfg = Release|Any CPU
		{3D5D4AE1-033F-466D-864A-AD648BFB56F1}.Release|x86.Build.0 = Release|Any CPU
		{1F7206BE-ED37-4E8A-95A8-2718506D4F1F}.Debug|Any CPU.ActiveCfg = Debug|Any CPU
		{1F7206BE-ED37-4E8A-95A8-2718506D4F1F}.Debug|Any CPU.Build.0 = Debug|Any CPU
		{1F7206BE-ED37-4E8A-95A8-2718506D4F1F}.Debug|ARM.ActiveCfg = Debug|Any CPU
		{1F7206BE-ED37-4E8A-95A8-2718506D4F1F}.Debug|ARM.Build.0 = Debug|Any CPU
		{1F7206BE-ED37-4E8A-95A8-2718506D4F1F}.Debug|x64.ActiveCfg = Debug|Any CPU
		{1F7206BE-ED37-4E8A-95A8-2718506D4F1F}.Debug|x64.Build.0 = Debug|Any CPU
		{1F7206BE-ED37-4E8A-95A8-2718506D4F1F}.Debug|x86.ActiveCfg = Debug|Any CPU
		{1F7206BE-ED37-4E8A-95A8-2718506D4F1F}.Debug|x86.Build.0 = Debug|Any CPU
		{1F7206BE-ED37-4E8A-95A8-2718506D4F1F}.Release|Any CPU.ActiveCfg = Release|Any CPU
		{1F7206BE-ED37-4E8A-95A8-2718506D4F1F}.Release|Any CPU.Build.0 = Release|Any CPU
		{1F7206BE-ED37-4E8A-95A8-2718506D4F1F}.Release|ARM.ActiveCfg = Release|Any CPU
		{1F7206BE-ED37-4E8A-95A8-2718506D4F1F}.Release|ARM.Build.0 = Release|Any CPU
		{1F7206BE-ED37-4E8A-95A8-2718506D4F1F}.Release|x64.ActiveCfg = Release|Any CPU
		{1F7206BE-ED37-4E8A-95A8-2718506D4F1F}.Release|x64.Build.0 = Release|Any CPU
		{1F7206BE-ED37-4E8A-95A8-2718506D4F1F}.Release|x86.ActiveCfg = Release|Any CPU
		{1F7206BE-ED37-4E8A-95A8-2718506D4F1F}.Release|x86.Build.0 = Release|Any CPU
	EndGlobalSection
	GlobalSection(SolutionProperties) = preSolution
		HideSolutionNode = FALSE
	EndGlobalSection
	GlobalSection(ExtensibilityGlobals) = postSolution
		SolutionGuid = {5B3EF0A3-3C77-43D0-A915-2327EA16167F}
	EndGlobalSection
EndGlobal
